{
  "name": "jspdf",
  "version": "0.0.0",
  "lockfileVersion": 2,
  "requires": true,
  "packages": {
    "": {
      "name": "jspdf",
      "version": "0.0.0",
      "dependencies": {
        "jspdf": "^2.5.1"
      },
      "devDependencies": {
        "vite": "^4.4.0"
      }
    },
    "node_modules/@babel/runtime": {
      "version": "7.22.6",
      "resolved": "https://registry.npmjs.org/@babel/runtime/-/runtime-7.22.6.tgz",
      "integrity": "sha512-wDb5pWm4WDdF6LFUde3Jl8WzPA+3ZbxYqkC6xAXuD3irdEHN1k0NfTRrJD8ZD378SJ61miMLCqIOXYhd8x+AJQ==",
      "dependencies": {
        "regenerator-runtime": "^0.13.11"
      },
      "engines": {
        "node": ">=6.9.0"
      }
    },
    "node_modules/@esbuild/win32-x64": {
      "version": "0.18.11",
      "resolved": "https://registry.npmjs.org/@esbuild/win32-x64/-/win32-x64-0.18.11.tgz",
      "integrity": "sha512-rQI4cjLHd2hGsM1LqgDI7oOCYbQ6IBOVsX9ejuRMSze0GqXUG2ekwiKkiBU1pRGSeCqFFHxTrcEydB2Hyoz9CA==",
      "cpu": [
        "x64"
      ],
      "dev": true,
      "license": "MIT",
      "optional": true,
      "os": [
        "win32"
      ],
      "engines": {
        "node": ">=12"
      }
    },
    "node_modules/@types/raf": {
      "version": "3.4.0",
      "resolved": "https://registry.npmjs.org/@types/raf/-/raf-3.4.0.tgz",
      "integrity": "sha512-taW5/WYqo36N7V39oYyHP9Ipfd5pNFvGTIQsNGj86xV88YQ7GnI30/yMfKDF7Zgin0m3e+ikX88FvImnK4RjGw==",
      "optional": true
    },
    "node_modules/atob": {
      "version": "2.1.2",
      "resolved": "https://registry.npmjs.org/atob/-/atob-2.1.2.tgz",
      "integrity": "sha512-Wm6ukoaOGJi/73p/cl2GvLjTI5JM1k/O14isD73YML8StrH/7/lRFgmg8nICZgD3bZZvjwCGxtMOD3wWNAu8cg==",
      "bin": {
        "atob": "bin/atob.js"
      },
      "engines": {
        "node": ">= 4.5.0"
      }
    },
    "node_modules/base64-arraybuffer": {
      "version": "1.0.2",
      "resolved": "https://registry.npmjs.org/base64-arraybuffer/-/base64-arraybuffer-1.0.2.tgz",
      "integrity": "sha512-I3yl4r9QB5ZRY3XuJVEPfc2XhZO6YweFPI+UovAzn+8/hb3oJ6lnysaFcjVpkCPfVWFUDvoZ8kmVDP7WyRtYtQ==",
      "optional": true,
      "engines": {
        "node": ">= 0.6.0"
      }
    },
    "node_modules/btoa": {
      "version": "1.2.1",
      "resolved": "https://registry.npmjs.org/btoa/-/btoa-1.2.1.tgz",
      "integrity": "sha512-SB4/MIGlsiVkMcHmT+pSmIPoNDoHg+7cMzmt3Uxt628MTz2487DKSqK/fuhFBrkuqrYv5UCEnACpF4dTFNKc/g==",
      "bin": {
        "btoa": "bin/btoa.js"
      },
      "engines": {
        "node": ">= 0.4.0"
      }
    },
    "node_modules/canvg": {
      "version": "3.0.10",
      "resolved": "https://registry.npmjs.org/canvg/-/canvg-3.0.10.tgz",
      "integrity": "sha512-qwR2FRNO9NlzTeKIPIKpnTY6fqwuYSequ8Ru8c0YkYU7U0oW+hLUvWadLvAu1Rl72OMNiFhoLu4f8eUjQ7l/+Q==",
      "optional": true,
      "dependencies": {
        "@babel/runtime": "^7.12.5",
        "@types/raf": "^3.4.0",
        "core-js": "^3.8.3",
        "raf": "^3.4.1",
        "regenerator-runtime": "^0.13.7",
        "rgbcolor": "^1.0.1",
        "stackblur-canvas": "^2.0.0",
        "svg-pathdata": "^6.0.3"
      },
      "engines": {
        "node": ">=10.0.0"
      }
    },
    "node_modules/core-js": {
      "version": "3.31.1",
      "resolved": "https://registry.npmjs.org/core-js/-/core-js-3.31.1.tgz",
      "integrity": "sha512-2sKLtfq1eFST7l7v62zaqXacPc7uG8ZAya8ogijLhTtaKNcpzpB4TMoTw2Si+8GYKRwFPMMtUT0263QFWFfqyQ==",
      "hasInstallScript": true,
      "optional": true,
      "funding": {
        "type": "opencollective",
        "url": "https://opencollective.com/core-js"
      }
    },
    "node_modules/css-line-break": {
      "version": "2.1.0",
      "resolved": "https://registry.npmjs.org/css-line-break/-/css-line-break-2.1.0.tgz",
      "integrity": "sha512-FHcKFCZcAha3LwfVBhCQbW2nCNbkZXn7KVUJcsT5/P8YmfsVja0FMPJr0B903j/E69HUphKiV9iQArX8SDYA4w==",
      "optional": true,
      "dependencies": {
        "utrie": "^1.0.2"
      }
    },
    "node_modules/dompurify": {
      "version": "2.4.5",
      "resolved": "https://registry.npmjs.org/dompurify/-/dompurify-2.4.5.tgz",
      "integrity": "sha512-jggCCd+8Iqp4Tsz0nIvpcb22InKEBrGz5dw3EQJMs8HPJDsKbFIO3STYtAvCfDx26Muevn1MHVI0XxjgFfmiSA==",
      "optional": true
    },
    "node_modules/esbuild": {
      "version": "0.18.11",
      "resolved": "https://registry.npmjs.org/esbuild/-/esbuild-0.18.11.tgz",
      "integrity": "sha512-i8u6mQF0JKJUlGR3OdFLKldJQMMs8OqM9Cc3UCi9XXziJ9WERM5bfkHaEAy0YAvPRMgqSW55W7xYn84XtEFTtA==",
      "dev": true,
      "hasInstallScript": true,
      "license": "MIT",
      "bin": {
        "esbuild": "bin/esbuild"
      },
      "engines": {
        "node": ">=12"
      },
      "optionalDependencies": {
        "@esbuild/android-arm": "0.18.11",
        "@esbuild/android-arm64": "0.18.11",
        "@esbuild/android-x64": "0.18.11",
        "@esbuild/darwin-arm64": "0.18.11",
        "@esbuild/darwin-x64": "0.18.11",
        "@esbuild/freebsd-arm64": "0.18.11",
        "@esbuild/freebsd-x64": "0.18.11",
        "@esbuild/linux-arm": "0.18.11",
        "@esbuild/linux-arm64": "0.18.11",
        "@esbuild/linux-ia32": "0.18.11",
        "@esbuild/linux-loong64": "0.18.11",
        "@esbuild/linux-mips64el": "0.18.11",
        "@esbuild/linux-ppc64": "0.18.11",
        "@esbuild/linux-riscv64": "0.18.11",
        "@esbuild/linux-s390x": "0.18.11",
        "@esbuild/linux-x64": "0.18.11",
        "@esbuild/netbsd-x64": "0.18.11",
        "@esbuild/openbsd-x64": "0.18.11",
        "@esbuild/sunos-x64": "0.18.11",
        "@esbuild/win32-arm64": "0.18.11",
        "@esbuild/win32-ia32": "0.18.11",
        "@esbuild/win32-x64": "0.18.11"
      }
    },
    "node_modules/fflate": {
      "version": "0.4.8",
      "resolved": "https://registry.npmjs.org/fflate/-/fflate-0.4.8.tgz",
      "integrity": "sha512-FJqqoDBR00Mdj9ppamLa/Y7vxm+PRmNWA67N846RvsoYVMKB4q3y/de5PA7gUmRMYK/8CMz2GDZQmCRN1wBcWA=="
    },
    "node_modules/html2canvas": {
      "version": "1.4.1",
      "resolved": "https://registry.npmjs.org/html2canvas/-/html2canvas-1.4.1.tgz",
      "integrity": "sha512-fPU6BHNpsyIhr8yyMpTLLxAbkaK8ArIBcmZIRiBLiDhjeqvXolaEmDGmELFuX9I4xDcaKKcJl+TKZLqruBbmWA==",
      "optional": true,
      "dependencies": {
        "css-line-break": "^2.1.0",
        "text-segmentation": "^1.0.3"
      },
      "engines": {
        "node": ">=8.0.0"
      }
    },
    "node_modules/jspdf": {
      "version": "2.5.1",
      "resolved": "https://registry.npmjs.org/jspdf/-/jspdf-2.5.1.tgz",
      "integrity": "sha512-hXObxz7ZqoyhxET78+XR34Xu2qFGrJJ2I2bE5w4SM8eFaFEkW2xcGRVUss360fYelwRSid/jT078kbNvmoW0QA==",
      "dependencies": {
        "@babel/runtime": "^7.14.0",
        "atob": "^2.1.2",
        "btoa": "^1.2.1",
        "fflate": "^0.4.8"
      },
      "optionalDependencies": {
        "canvg": "^3.0.6",
        "core-js": "^3.6.0",
        "dompurify": "^2.2.0",
        "html2canvas": "^1.0.0-rc.5"
      }
    },
    "node_modules/nanoid": {
      "version": "3.3.6",
      "resolved": "https://registry.npmjs.org/nanoid/-/nanoid-3.3.6.tgz",
      "integrity": "sha512-BGcqMMJuToF7i1rt+2PWSNVnWIkGCU78jBG3RxO/bZlnZPK2Cmi2QaffxGO/2RvWi9sL+FAiRiXMgsyxQ1DIDA==",
      "dev": true,
      "funding": [
        {
          "type": "github",
          "url": "https://github.com/sponsors/ai"
        }
      ],
      "license": "MIT",
      "bin": {
        "nanoid": "bin/nanoid.cjs"
      },
      "engines": {
        "node": "^10 || ^12 || ^13.7 || ^14 || >=15.0.1"
      }
    },
    "node_modules/performance-now": {
      "version": "2.1.0",
      "resolved": "https://registry.npmjs.org/performance-now/-/performance-now-2.1.0.tgz",
      "integrity": "sha512-7EAHlyLHI56VEIdK57uwHdHKIaAGbnXPiw0yWbarQZOKaKpvUIgW0jWRVLiatnM+XXlSwsanIBH/hzGMJulMow==",
      "optional": true
    },
    "node_modules/picocolors": {
      "version": "1.0.0",
      "resolved": "https://registry.npmjs.org/picocolors/-/picocolors-1.0.0.tgz",
      "integrity": "sha512-1fygroTLlHu66zi26VoTDv8yRgm0Fccecssto+MhsZ0D/DGW2sm8E8AjW7NU5VVTRt5GxbeZ5qBuJr+HyLYkjQ==",
      "dev": true,
      "license": "ISC"
    },
    "node_modules/postcss": {
      "version": "8.4.25",
      "resolved": "https://registry.npmjs.org/postcss/-/postcss-8.4.25.tgz",
      "integrity": "sha512-7taJ/8t2av0Z+sQEvNzCkpDynl0tX3uJMCODi6nT3PfASC7dYCWV9aQ+uiCf+KBD4SEFcu+GvJdGdwzQ6OSjCw==",
      "dev": true,
      "funding": [
        {
          "type": "opencollective",
          "url": "https://opencollective.com/postcss/"
        },
        {
          "type": "tidelift",
          "url": "https://tidelift.com/funding/github/npm/postcss"
        },
        {
          "type": "github",
          "url": "https://github.com/sponsors/ai"
        }
      ],
      "license": "MIT",
      "dependencies": {
        "nanoid": "^3.3.6",
        "picocolors": "^1.0.0",
        "source-map-js": "^1.0.2"
      },
      "engines": {
        "node": "^10 || ^12 || >=14"
      }
    },
    "node_modules/raf": {
      "version": "3.4.1",
      "resolved": "https://registry.npmjs.org/raf/-/raf-3.4.1.tgz",
      "integrity": "sha512-Sq4CW4QhwOHE8ucn6J34MqtZCeWFP2aQSmrlroYgqAV1PjStIhJXxYuTgUIfkEk7zTLjmIjLmU5q+fbD1NnOJA==",
      "optional": true,
      "dependencies": {
        "performance-now": "^2.1.0"
      }
    },
    "node_modules/regenerator-runtime": {
      "version": "0.13.11",
      "resolved": "https://registry.npmjs.org/regenerator-runtime/-/regenerator-runtime-0.13.11.tgz",
      "integrity": "sha512-kY1AZVr2Ra+t+piVaJ4gxaFaReZVH40AKNo7UCX6W+dEwBo/2oZJzqfuN1qLq1oL45o56cPaTXELwrTh8Fpggg=="
    },
    "node_modules/rgbcolor": {
      "version": "1.0.1",
      "resolved": "https://registry.npmjs.org/rgbcolor/-/rgbcolor-1.0.1.tgz",
      "integrity": "sha512-9aZLIrhRaD97sgVhtJOW6ckOEh6/GnvQtdVNfdZ6s67+3/XwLS9lBcQYzEEhYVeUowN7pRzMLsyGhK2i/xvWbw==",
      "optional": true,
      "engines": {
        "node": ">= 0.8.15"
      }
    },
    "node_modules/rollup": {
      "version": "3.26.2",
      "resolved": "https://registry.npmjs.org/rollup/-/rollup-3.26.2.tgz",
      "integrity": "sha512-6umBIGVz93er97pMgQO08LuH3m6PUb3jlDUUGFsNJB6VgTCUaDFpupf5JfU30529m/UKOgmiX+uY6Sx8cOYpLA==",
      "dev": true,
      "license": "MIT",
      "bin": {
        "rollup": "dist/bin/rollup"
      },
      "engines": {
        "node": ">=14.18.0",
        "npm": ">=8.0.0"
      },
      "optionalDependencies": {
        "fsevents": "~2.3.2"
      }
    },
    "node_modules/source-map-js": {
      "version": "1.0.2",
      "resolved": "https://registry.npmjs.org/source-map-js/-/source-map-js-1.0.2.tgz",
      "integrity": "sha512-R0XvVJ9WusLiqTCEiGCmICCMplcCkIwwR11mOSD9CR5u+IXYdiseeEuXCVAjS54zqwkLcPNnmU4OeJ6tUrWhDw==",
      "dev": true,
      "license": "BSD-3-Clause",
      "engines": {
        "node": ">=0.10.0"
      }
    },
    "node_modules/stackblur-canvas": {
      "version": "2.6.0",
      "resolved": "https://registry.npmjs.org/stackblur-canvas/-/stackblur-canvas-2.6.0.tgz",
      "integrity": "sha512-8S1aIA+UoF6erJYnglGPug6MaHYGo1Ot7h5fuXx4fUPvcvQfcdw2o/ppCse63+eZf8PPidSu4v1JnmEVtEDnpg==",
      "optional": true,
      "engines": {
        "node": ">=0.1.14"
      }
    },
    "node_modules/svg-pathdata": {
      "version": "6.0.3",
      "resolved": "https://registry.npmjs.org/svg-pathdata/-/svg-pathdata-6.0.3.tgz",
      "integrity": "sha512-qsjeeq5YjBZ5eMdFuUa4ZosMLxgr5RZ+F+Y1OrDhuOCEInRMA3x74XdBtggJcj9kOeInz0WE+LgCPDkZFlBYJw==",
      "optional": true,
      "engines": {
        "node": ">=12.0.0"
      }
    },
    "node_modules/text-segmentation": {
      "version": "1.0.3",
      "resolved": "https://registry.npmjs.org/text-segmentation/-/text-segmentation-1.0.3.tgz",
      "integrity": "sha512-iOiPUo/BGnZ6+54OsWxZidGCsdU8YbE4PSpdPinp7DeMtUJNJBoJ/ouUSTJjHkh1KntHaltHl/gDs2FC4i5+Nw==",
      "optional": true,
      "dependencies": {
        "utrie": "^1.0.2"
      }
    },
    "node_modules/utrie": {
      "version": "1.0.2",
      "resolved": "https://registry.npmjs.org/utrie/-/utrie-1.0.2.tgz",
      "integrity": "sha512-1MLa5ouZiOmQzUbjbu9VmjLzn1QLXBhwpUa7kdLUQK+KQ5KA9I1vk5U4YHe/X2Ch7PYnJfWuWT+VbuxbGwljhw==",
      "optional": true,
      "dependencies": {
        "base64-arraybuffer": "^1.0.2"
      }
    },
    "node_modules/vite": {
      "version": "4.4.1",
      "resolved": "https://registry.npmjs.org/vite/-/vite-4.4.1.tgz",
      "integrity": "sha512-8mmwPlsy7t+ZcTme7vdbVGuZ3Tri+lrLXr6hsF5UHdyYyARPPPMtM16QlqC9TZuCd5j3NmWs1rwka3cVSRHZTw==",
      "dev": true,
      "license": "MIT",
      "dependencies": {
        "esbuild": "^0.18.10",
        "postcss": "^8.4.24",
        "rollup": "^3.25.2"
      },
      "bin": {
        "vite": "bin/vite.js"
      },
      "engines": {
        "node": "^14.18.0 || >=16.0.0"
      },
      "funding": {
        "url": "https://github.com/vitejs/vite?sponsor=1"
      },
      "optionalDependencies": {
        "fsevents": "~2.3.2"
      },
      "peerDependencies": {
        "@types/node": ">= 14",
        "less": "*",
        "lightningcss": "^1.21.0",
        "sass": "*",
        "stylus": "*",
        "sugarss": "*",
        "terser": "^5.4.0"
      },
      "peerDependenciesMeta": {
        "@types/node": {
          "optional": true
        },
        "less": {
          "optional": true
        },
        "lightningcss": {
          "optional": true
        },
        "sass": {
          "optional": true
        },
        "stylus": {
          "optional": true
        },
        "sugarss": {
          "optional": true
        },
        "terser": {
          "optional": true
        }
      }
    }
  },
  "dependencies": {
    "@babel/runtime": {
      "version": "7.22.6",
      "resolved": "https://registry.npmjs.org/@babel/runtime/-/runtime-7.22.6.tgz",
      "integrity": "sha512-wDb5pWm4WDdF6LFUde3Jl8WzPA+3ZbxYqkC6xAXuD3irdEHN1k0NfTRrJD8ZD378SJ61miMLCqIOXYhd8x+AJQ==",
      "requires": {
        "regenerator-runtime": "^0.13.11"
      }
    },
    "@esbuild/win32-x64": {
      "version": "0.18.11",
      "resolved": "https://registry.npmjs.org/@esbuild/win32-x64/-/win32-x64-0.18.11.tgz",
      "integrity": "sha512-rQI4cjLHd2hGsM1LqgDI7oOCYbQ6IBOVsX9ejuRMSze0GqXUG2ekwiKkiBU1pRGSeCqFFHxTrcEydB2Hyoz9CA==",
      "dev": true,
      "optional": true
    },
    "@types/raf": {
      "version": "3.4.0",
      "resolved": "https://registry.npmjs.org/@types/raf/-/raf-3.4.0.tgz",
      "integrity": "sha512-taW5/WYqo36N7V39oYyHP9Ipfd5pNFvGTIQsNGj86xV88YQ7GnI30/yMfKDF7Zgin0m3e+ikX88FvImnK4RjGw==",
      "optional": true
    },
    "atob": {
      "version": "2.1.2",
      "resolved": "https://registry.npmjs.org/atob/-/atob-2.1.2.tgz",
      "integrity": "sha512-Wm6ukoaOGJi/73p/cl2GvLjTI5JM1k/O14isD73YML8StrH/7/lRFgmg8nICZgD3bZZvjwCGxtMOD3wWNAu8cg=="
    },
    "base64-arraybuffer": {
      "version": "1.0.2",
      "resolved": "https://registry.npmjs.org/base64-arraybuffer/-/base64-arraybuffer-1.0.2.tgz",
      "integrity": "sha512-I3yl4r9QB5ZRY3XuJVEPfc2XhZO6YweFPI+UovAzn+8/hb3oJ6lnysaFcjVpkCPfVWFUDvoZ8kmVDP7WyRtYtQ==",
      "optional": true
    },
    "btoa": {
      "version": "1.2.1",
      "resolved": "https://registry.npmjs.org/btoa/-/btoa-1.2.1.tgz",
      "integrity": "sha512-SB4/MIGlsiVkMcHmT+pSmIPoNDoHg+7cMzmt3Uxt628MTz2487DKSqK/fuhFBrkuqrYv5UCEnACpF4dTFNKc/g=="
    },
    "canvg": {
      "version": "3.0.10",
      "resolved": "https://registry.npmjs.org/canvg/-/canvg-3.0.10.tgz",
      "integrity": "sha512-qwR2FRNO9NlzTeKIPIKpnTY6fqwuYSequ8Ru8c0YkYU7U0oW+hLUvWadLvAu1Rl72OMNiFhoLu4f8eUjQ7l/+Q==",
      "optional": true,
      "requires": {
        "@babel/runtime": "^7.12.5",
        "@types/raf": "^3.4.0",
        "core-js": "^3.8.3",
        "raf": "^3.4.1",
        "regenerator-runtime": "^0.13.7",
        "rgbcolor": "^1.0.1",
        "stackblur-canvas": "^2.0.0",
        "svg-pathdata": "^6.0.3"
      }
    },
    "core-js": {
      "version": "3.31.1",
      "resolved": "https://registry.npmjs.org/core-js/-/core-js-3.31.1.tgz",
      "integrity": "sha512-2sKLtfq1eFST7l7v62zaqXacPc7uG8ZAya8ogijLhTtaKNcpzpB4TMoTw2Si+8GYKRwFPMMtUT0263QFWFfqyQ==",
      "optional": true
    },
    "css-line-break": {
      "version": "2.1.0",
      "resolved": "https://registry.npmjs.org/css-line-break/-/css-line-break-2.1.0.tgz",
      "integrity": "sha512-FHcKFCZcAha3LwfVBhCQbW2nCNbkZXn7KVUJcsT5/P8YmfsVja0FMPJr0B903j/E69HUphKiV9iQArX8SDYA4w==",
      "optional": true,
      "requires": {
        "utrie": "^1.0.2"
      }
    },
    "dompurify": {
      "version": "2.4.5",
      "resolved": "https://registry.npmjs.org/dompurify/-/dompurify-2.4.5.tgz",
      "integrity": "sha512-jggCCd+8Iqp4Tsz0nIvpcb22InKEBrGz5dw3EQJMs8HPJDsKbFIO3STYtAvCfDx26Muevn1MHVI0XxjgFfmiSA==",
      "optional": true
    },
    "esbuild": {
      "version": "0.18.11",
      "resolved": "https://registry.npmjs.org/esbuild/-/esbuild-0.18.11.tgz",
      "integrity": "sha512-i8u6mQF0JKJUlGR3OdFLKldJQMMs8OqM9Cc3UCi9XXziJ9WERM5bfkHaEAy0YAvPRMgqSW55W7xYn84XtEFTtA==",
      "dev": true,
      "requires": {
        "@esbuild/android-arm": "0.18.11",
        "@esbuild/android-arm64": "0.18.11",
        "@esbuild/android-x64": "0.18.11",
        "@esbuild/darwin-arm64": "0.18.11",
        "@esbuild/darwin-x64": "0.18.11",
        "@esbuild/freebsd-arm64": "0.18.11",
        "@esbuild/freebsd-x64": "0.18.11",
        "@esbuild/linux-arm": "0.18.11",
        "@esbuild/linux-arm64": "0.18.11",
        "@esbuild/linux-ia32": "0.18.11",
        "@esbuild/linux-loong64": "0.18.11",
        "@esbuild/linux-mips64el": "0.18.11",
        "@esbuild/linux-ppc64": "0.18.11",
        "@esbuild/linux-riscv64": "0.18.11",
        "@esbuild/linux-s390x": "0.18.11",
        "@esbuild/linux-x64": "0.18.11",
        "@esbuild/netbsd-x64": "0.18.11",
        "@esbuild/openbsd-x64": "0.18.11",
        "@esbuild/sunos-x64": "0.18.11",
        "@esbuild/win32-arm64": "0.18.11",
        "@esbuild/win32-ia32": "0.18.11",
        "@esbuild/win32-x64": "0.18.11"
      }
    },
    "fflate": {
      "version": "0.4.8",
      "resolved": "https://registry.npmjs.org/fflate/-/fflate-0.4.8.tgz",
      "integrity": "sha512-FJqqoDBR00Mdj9ppamLa/Y7vxm+PRmNWA67N846RvsoYVMKB4q3y/de5PA7gUmRMYK/8CMz2GDZQmCRN1wBcWA=="
    },
    "html2canvas": {
      "version": "1.4.1",
      "resolved": "https://registry.npmjs.org/html2canvas/-/html2canvas-1.4.1.tgz",
      "integrity": "sha512-fPU6BHNpsyIhr8yyMpTLLxAbkaK8ArIBcmZIRiBLiDhjeqvXolaEmDGmELFuX9I4xDcaKKcJl+TKZLqruBbmWA==",
      "optional": true,
      "requires": {
        "css-line-break": "^2.1.0",
        "text-segmentation": "^1.0.3"
      }
    },
    "jspdf": {
      "version": "2.5.1",
      "resolved": "https://registry.npmjs.org/jspdf/-/jspdf-2.5.1.tgz",
      "integrity": "sha512-hXObxz7ZqoyhxET78+XR34Xu2qFGrJJ2I2bE5w4SM8eFaFEkW2xcGRVUss360fYelwRSid/jT078kbNvmoW0QA==",
      "requires": {
        "@babel/runtime": "^7.14.0",
        "atob": "^2.1.2",
        "btoa": "^1.2.1",
        "canvg": "^3.0.6",
        "core-js": "^3.6.0",
        "dompurify": "^2.2.0",
        "fflate": "^0.4.8",
        "html2canvas": "^1.0.0-rc.5"
      }
    },
    "nanoid": {
      "version": "3.3.6",
      "resolved": "https://registry.npmjs.org/nanoid/-/nanoid-3.3.6.tgz",
      "integrity": "sha512-BGcqMMJuToF7i1rt+2PWSNVnWIkGCU78jBG3RxO/bZlnZPK2Cmi2QaffxGO/2RvWi9sL+FAiRiXMgsyxQ1DIDA==",
      "dev": true
    },
    "performance-now": {
      "version": "2.1.0",
      "resolved": "https://registry.npmjs.org/performance-now/-/performance-now-2.1.0.tgz",
      "integrity": "sha512-7EAHlyLHI56VEIdK57uwHdHKIaAGbnXPiw0yWbarQZOKaKpvUIgW0jWRVLiatnM+XXlSwsanIBH/hzGMJulMow==",
      "optional": true
    },
    "picocolors": {
      "version": "1.0.0",
      "resolved": "https://registry.npmjs.org/picocolors/-/picocolors-1.0.0.tgz",
      "integrity": "sha512-1fygroTLlHu66zi26VoTDv8yRgm0Fccecssto+MhsZ0D/DGW2sm8E8AjW7NU5VVTRt5GxbeZ5qBuJr+HyLYkjQ==",
      "dev": true
    },
    "postcss": {
      "version": "8.4.25",
      "resolved": "https://registry.npmjs.org/postcss/-/postcss-8.4.25.tgz",
      "integrity": "sha512-7taJ/8t2av0Z+sQEvNzCkpDynl0tX3uJMCODi6nT3PfASC7dYCWV9aQ+uiCf+KBD4SEFcu+GvJdGdwzQ6OSjCw==",
      "dev": true,
      "requires": {
        "nanoid": "^3.3.6",
        "picocolors": "^1.0.0",
        "source-map-js": "^1.0.2"
      }
    },
    "raf": {
      "version": "3.4.1",
      "resolved": "https://registry.npmjs.org/raf/-/raf-3.4.1.tgz",
      "integrity": "sha512-Sq4CW4QhwOHE8ucn6J34MqtZCeWFP2aQSmrlroYgqAV1PjStIhJXxYuTgUIfkEk7zTLjmIjLmU5q+fbD1NnOJA==",
      "optional": true,
      "requires": {
        "performance-now": "^2.1.0"
      }
    },
    "regenerator-runtime": {
      "version": "0.13.11",
      "resolved": "https://registry.npmjs.org/regenerator-runtime/-/regenerator-runtime-0.13.11.tgz",
      "integrity": "sha512-kY1AZVr2Ra+t+piVaJ4gxaFaReZVH40AKNo7UCX6W+dEwBo/2oZJzqfuN1qLq1oL45o56cPaTXELwrTh8Fpggg=="
    },
    "rgbcolor": {
      "version": "1.0.1",
      "resolved": "https://registry.npmjs.org/rgbcolor/-/rgbcolor-1.0.1.tgz",
      "integrity": "sha512-9aZLIrhRaD97sgVhtJOW6ckOEh6/GnvQtdVNfdZ6s67+3/XwLS9lBcQYzEEhYVeUowN7pRzMLsyGhK2i/xvWbw==",
      "optional": true
    },
    "rollup": {
      "version": "3.26.2",
      "resolved": "https://registry.npmjs.org/rollup/-/rollup-3.26.2.tgz",
      "integrity": "sha512-6umBIGVz93er97pMgQO08LuH3m6PUb3jlDUUGFsNJB6VgTCUaDFpupf5JfU30529m/UKOgmiX+uY6Sx8cOYpLA==",
      "dev": true,
      "requires": {
        "fsevents": "~2.3.2"
      }
    },
    "source-map-js": {
      "version": "1.0.2",
      "resolved": "https://registry.npmjs.org/source-map-js/-/source-map-js-1.0.2.tgz",
      "integrity": "sha512-R0XvVJ9WusLiqTCEiGCmICCMplcCkIwwR11mOSD9CR5u+IXYdiseeEuXCVAjS54zqwkLcPNnmU4OeJ6tUrWhDw==",
      "dev": true
    },
    "stackblur-canvas": {
      "version": "2.6.0",
      "resolved": "https://registry.npmjs.org/stackblur-canvas/-/stackblur-canvas-2.6.0.tgz",
      "integrity": "sha512-8S1aIA+UoF6erJYnglGPug6MaHYGo1Ot7h5fuXx4fUPvcvQfcdw2o/ppCse63+eZf8PPidSu4v1JnmEVtEDnpg==",
      "optional": true
    },
    "svg-pathdata": {
      "version": "6.0.3",
      "resolved": "https://registry.npmjs.org/svg-pathdata/-/svg-pathdata-6.0.3.tgz",
      "integrity": "sha512-qsjeeq5YjBZ5eMdFuUa4ZosMLxgr5RZ+F+Y1OrDhuOCEInRMA3x74XdBtggJcj9kOeInz0WE+LgCPDkZFlBYJw==",
      "optional": true
    },
    "text-segmentation": {
      "version": "1.0.3",
      "resolved": "https://registry.npmjs.org/text-segmentation/-/text-segmentation-1.0.3.tgz",
      "integrity": "sha512-iOiPUo/BGnZ6+54OsWxZidGCsdU8YbE4PSpdPinp7DeMtUJNJBoJ/ouUSTJjHkh1KntHaltHl/gDs2FC4i5+Nw==",
      "optional": true,
      "requires": {
        "utrie": "^1.0.2"
      }
    },
    "utrie": {
      "version": "1.0.2",
      "resolved": "https://registry.npmjs.org/utrie/-/utrie-1.0.2.tgz",
      "integrity": "sha512-1MLa5ouZiOmQzUbjbu9VmjLzn1QLXBhwpUa7kdLUQK+KQ5KA9I1vk5U4YHe/X2Ch7PYnJfWuWT+VbuxbGwljhw==",
      "optional": true,
      "requires": {
        "base64-arraybuffer": "^1.0.2"
      }
    },
    "vite": {
      "version": "4.4.1",
      "resolved": "https://registry.npmjs.org/vite/-/vite-4.4.1.tgz",
      "integrity": "sha512-8mmwPlsy7t+ZcTme7vdbVGuZ3Tri+lrLXr6hsF5UHdyYyARPPPMtM16QlqC9TZuCd5j3NmWs1rwka3cVSRHZTw==",
      "dev": true,
      "requires": {
        "esbuild": "^0.18.10",
        "fsevents": "~2.3.2",
        "postcss": "^8.4.24",
        "rollup": "^3.25.2"
      }
    }
  }
}
