# THIS IS AN AUTOGENERATED FILE. DO NOT EDIT THIS FILE DIRECTLY.
# yarn lockfile v1


"@babel/runtime@^7.12.5", "@babel/runtime@^7.14.0":
  "integrity" "sha512-wDb5pWm4WDdF6LFUde3Jl8WzPA+3ZbxYqkC6xAXuD3irdEHN1k0NfTRrJD8ZD378SJ61miMLCqIOXYhd8x+AJQ=="
  "resolved" "https://registry.npmjs.org/@babel/runtime/-/runtime-7.22.6.tgz"
  "version" "7.22.6"
  dependencies:
    "regenerator-runtime" "^0.13.11"

"@esbuild/win32-x64@0.18.11":
  "integrity" "sha512-rQI4cjLHd2hGsM1LqgDI7oOCYbQ6IBOVsX9ejuRMSze0GqXUG2ekwiKkiBU1pRGSeCqFFHxTrcEydB2Hyoz9CA=="
  "resolved" "https://registry.npmjs.org/@esbuild/win32-x64/-/win32-x64-0.18.11.tgz"
  "version" "0.18.11"

"@types/raf@^3.4.0":
  "integrity" "sha512-taW5/WYqo36N7V39oYyHP9Ipfd5pNFvGTIQsNGj86xV88YQ7GnI30/yMfKDF7Zgin0m3e+ikX88FvImnK4RjGw=="
  "resolved" "https://registry.npmjs.org/@types/raf/-/raf-3.4.0.tgz"
  "version" "3.4.0"

"atob@^2.1.2":
  "integrity" "sha512-Wm6ukoaOGJi/73p/cl2GvLjTI5JM1k/O14isD73YML8StrH/7/lRFgmg8nICZgD3bZZvjwCGxtMOD3wWNAu8cg=="
  "resolved" "https://registry.npmjs.org/atob/-/atob-2.1.2.tgz"
  "version" "2.1.2"

"base64-arraybuffer@^1.0.2":
  "integrity" "sha512-I3yl4r9QB5ZRY3XuJVEPfc2XhZO6YweFPI+UovAzn+8/hb3oJ6lnysaFcjVpkCPfVWFUDvoZ8kmVDP7WyRtYtQ=="
  "resolved" "https://registry.npmjs.org/base64-arraybuffer/-/base64-arraybuffer-1.0.2.tgz"
  "version" "1.0.2"

"btoa@^1.2.1":
  "integrity" "sha512-SB4/MIGlsiVkMcHmT+pSmIPoNDoHg+7cMzmt3Uxt628MTz2487DKSqK/fuhFBrkuqrYv5UCEnACpF4dTFNKc/g=="
  "resolved" "https://registry.npmjs.org/btoa/-/btoa-1.2.1.tgz"
  "version" "1.2.1"

"canvg@^3.0.6":
  "integrity" "sha512-qwR2FRNO9NlzTeKIPIKpnTY6fqwuYSequ8Ru8c0YkYU7U0oW+hLUvWadLvAu1Rl72OMNiFhoLu4f8eUjQ7l/+Q=="
  "resolved" "https://registry.npmjs.org/canvg/-/canvg-3.0.10.tgz"
  "version" "3.0.10"
  dependencies:
    "@babel/runtime" "^7.12.5"
    "@types/raf" "^3.4.0"
    "core-js" "^3.8.3"
    "raf" "^3.4.1"
    "regenerator-runtime" "^0.13.7"
    "rgbcolor" "^1.0.1"
    "stackblur-canvas" "^2.0.0"
    "svg-pathdata" "^6.0.3"

"core-js@^3.6.0", "core-js@^3.8.3":
  "integrity" "sha512-2sKLtfq1eFST7l7v62zaqXacPc7uG8ZAya8ogijLhTtaKNcpzpB4TMoTw2Si+8GYKRwFPMMtUT0263QFWFfqyQ=="
  "resolved" "https://registry.npmjs.org/core-js/-/core-js-3.31.1.tgz"
  "version" "3.31.1"

"css-line-break@^2.1.0":
  "integrity" "sha512-FHcKFCZcAha3LwfVBhCQbW2nCNbkZXn7KVUJcsT5/P8YmfsVja0FMPJr0B903j/E69HUphKiV9iQArX8SDYA4w=="
  "resolved" "https://registry.npmjs.org/css-line-break/-/css-line-break-2.1.0.tgz"
  "version" "2.1.0"
  dependencies:
    "utrie" "^1.0.2"

"dompurify@^2.2.0":
  "integrity" "sha512-jggCCd+8Iqp4Tsz0nIvpcb22InKEBrGz5dw3EQJMs8HPJDsKbFIO3STYtAvCfDx26Muevn1MHVI0XxjgFfmiSA=="
  "resolved" "https://registry.npmjs.org/dompurify/-/dompurify-2.4.5.tgz"
  "version" "2.4.5"

"esbuild@^0.18.10":
  "integrity" "sha512-i8u6mQF0JKJUlGR3OdFLKldJQMMs8OqM9Cc3UCi9XXziJ9WERM5bfkHaEAy0YAvPRMgqSW55W7xYn84XtEFTtA=="
  "resolved" "https://registry.npmjs.org/esbuild/-/esbuild-0.18.11.tgz"
  "version" "0.18.11"
  optionalDependencies:
    "@esbuild/android-arm" "0.18.11"
    "@esbuild/android-arm64" "0.18.11"
    "@esbuild/android-x64" "0.18.11"
    "@esbuild/darwin-arm64" "0.18.11"
    "@esbuild/darwin-x64" "0.18.11"
    "@esbuild/freebsd-arm64" "0.18.11"
    "@esbuild/freebsd-x64" "0.18.11"
    "@esbuild/linux-arm" "0.18.11"
    "@esbuild/linux-arm64" "0.18.11"
    "@esbuild/linux-ia32" "0.18.11"
    "@esbuild/linux-loong64" "0.18.11"
    "@esbuild/linux-mips64el" "0.18.11"
    "@esbuild/linux-ppc64" "0.18.11"
    "@esbuild/linux-riscv64" "0.18.11"
    "@esbuild/linux-s390x" "0.18.11"
    "@esbuild/linux-x64" "0.18.11"
    "@esbuild/netbsd-x64" "0.18.11"
    "@esbuild/openbsd-x64" "0.18.11"
    "@esbuild/sunos-x64" "0.18.11"
    "@esbuild/win32-arm64" "0.18.11"
    "@esbuild/win32-ia32" "0.18.11"
    "@esbuild/win32-x64" "0.18.11"

"fflate@^0.4.8":
  "integrity" "sha512-FJqqoDBR00Mdj9ppamLa/Y7vxm+PRmNWA67N846RvsoYVMKB4q3y/de5PA7gUmRMYK/8CMz2GDZQmCRN1wBcWA=="
  "resolved" "https://registry.npmjs.org/fflate/-/fflate-0.4.8.tgz"
  "version" "0.4.8"

"html2canvas@^1.0.0-rc.5":
  "integrity" "sha512-fPU6BHNpsyIhr8yyMpTLLxAbkaK8ArIBcmZIRiBLiDhjeqvXolaEmDGmELFuX9I4xDcaKKcJl+TKZLqruBbmWA=="
  "resolved" "https://registry.npmjs.org/html2canvas/-/html2canvas-1.4.1.tgz"
  "version" "1.4.1"
  dependencies:
    "css-line-break" "^2.1.0"
    "text-segmentation" "^1.0.3"

"jspdf@^2.5.1":
  "integrity" "sha512-hXObxz7ZqoyhxET78+XR34Xu2qFGrJJ2I2bE5w4SM8eFaFEkW2xcGRVUss360fYelwRSid/jT078kbNvmoW0QA=="
  "resolved" "https://registry.npmjs.org/jspdf/-/jspdf-2.5.1.tgz"
  "version" "2.5.1"
  dependencies:
    "@babel/runtime" "^7.14.0"
    "atob" "^2.1.2"
    "btoa" "^1.2.1"
    "fflate" "^0.4.8"
  optionalDependencies:
    "canvg" "^3.0.6"
    "core-js" "^3.6.0"
    "dompurify" "^2.2.0"
    "html2canvas" "^1.0.0-rc.5"

"nanoid@^3.3.6":
  "integrity" "sha512-BGcqMMJuToF7i1rt+2PWSNVnWIkGCU78jBG3RxO/bZlnZPK2Cmi2QaffxGO/2RvWi9sL+FAiRiXMgsyxQ1DIDA=="
  "resolved" "https://registry.npmjs.org/nanoid/-/nanoid-3.3.6.tgz"
  "version" "3.3.6"

"performance-now@^2.1.0":
  "integrity" "sha512-7EAHlyLHI56VEIdK57uwHdHKIaAGbnXPiw0yWbarQZOKaKpvUIgW0jWRVLiatnM+XXlSwsanIBH/hzGMJulMow=="
  "resolved" "https://registry.npmjs.org/performance-now/-/performance-now-2.1.0.tgz"
  "version" "2.1.0"

"picocolors@^1.0.0":
  "integrity" "sha512-1fygroTLlHu66zi26VoTDv8yRgm0Fccecssto+MhsZ0D/DGW2sm8E8AjW7NU5VVTRt5GxbeZ5qBuJr+HyLYkjQ=="
  "resolved" "https://registry.npmjs.org/picocolors/-/picocolors-1.0.0.tgz"
  "version" "1.0.0"

"postcss@^8.4.24":
  "integrity" "sha512-7taJ/8t2av0Z+sQEvNzCkpDynl0tX3uJMCODi6nT3PfASC7dYCWV9aQ+uiCf+KBD4SEFcu+GvJdGdwzQ6OSjCw=="
  "resolved" "https://registry.npmjs.org/postcss/-/postcss-8.4.25.tgz"
  "version" "8.4.25"
  dependencies:
    "nanoid" "^3.3.6"
    "picocolors" "^1.0.0"
    "source-map-js" "^1.0.2"

"raf@^3.4.1":
  "integrity" "sha512-Sq4CW4QhwOHE8ucn6J34MqtZCeWFP2aQSmrlroYgqAV1PjStIhJXxYuTgUIfkEk7zTLjmIjLmU5q+fbD1NnOJA=="
  "resolved" "https://registry.npmjs.org/raf/-/raf-3.4.1.tgz"
  "version" "3.4.1"
  dependencies:
    "performance-now" "^2.1.0"

"regenerator-runtime@^0.13.11", "regenerator-runtime@^0.13.7":
  "integrity" "sha512-kY1AZVr2Ra+t+piVaJ4gxaFaReZVH40AKNo7UCX6W+dEwBo/2oZJzqfuN1qLq1oL45o56cPaTXELwrTh8Fpggg=="
  "resolved" "https://registry.npmjs.org/regenerator-runtime/-/regenerator-runtime-0.13.11.tgz"
  "version" "0.13.11"

"rgbcolor@^1.0.1":
  "integrity" "sha512-9aZLIrhRaD97sgVhtJOW6ckOEh6/GnvQtdVNfdZ6s67+3/XwLS9lBcQYzEEhYVeUowN7pRzMLsyGhK2i/xvWbw=="
  "resolved" "https://registry.npmjs.org/rgbcolor/-/rgbcolor-1.0.1.tgz"
  "version" "1.0.1"

"rollup@^3.25.2":
  "integrity" "sha512-6umBIGVz93er97pMgQO08LuH3m6PUb3jlDUUGFsNJB6VgTCUaDFpupf5JfU30529m/UKOgmiX+uY6Sx8cOYpLA=="
  "resolved" "https://registry.npmjs.org/rollup/-/rollup-3.26.2.tgz"
  "version" "3.26.2"
  optionalDependencies:
    "fsevents" "~2.3.2"

"source-map-js@^1.0.2":
  "integrity" "sha512-R0XvVJ9WusLiqTCEiGCmICCMplcCkIwwR11mOSD9CR5u+IXYdiseeEuXCVAjS54zqwkLcPNnmU4OeJ6tUrWhDw=="
  "resolved" "https://registry.npmjs.org/source-map-js/-/source-map-js-1.0.2.tgz"
  "version" "1.0.2"

"stackblur-canvas@^2.0.0":
  "integrity" "sha512-8S1aIA+UoF6erJYnglGPug6MaHYGo1Ot7h5fuXx4fUPvcvQfcdw2o/ppCse63+eZf8PPidSu4v1JnmEVtEDnpg=="
  "resolved" "https://registry.npmjs.org/stackblur-canvas/-/stackblur-canvas-2.6.0.tgz"
  "version" "2.6.0"

"svg-pathdata@^6.0.3":
  "integrity" "sha512-qsjeeq5YjBZ5eMdFuUa4ZosMLxgr5RZ+F+Y1OrDhuOCEInRMA3x74XdBtggJcj9kOeInz0WE+LgCPDkZFlBYJw=="
  "resolved" "https://registry.npmjs.org/svg-pathdata/-/svg-pathdata-6.0.3.tgz"
  "version" "6.0.3"

"text-segmentation@^1.0.3":
  "integrity" "sha512-iOiPUo/BGnZ6+54OsWxZidGCsdU8YbE4PSpdPinp7DeMtUJNJBoJ/ouUSTJjHkh1KntHaltHl/gDs2FC4i5+Nw=="
  "resolved" "https://registry.npmjs.org/text-segmentation/-/text-segmentation-1.0.3.tgz"
  "version" "1.0.3"
  dependencies:
    "utrie" "^1.0.2"

"utrie@^1.0.2":
  "integrity" "sha512-1MLa5ouZiOmQzUbjbu9VmjLzn1QLXBhwpUa7kdLUQK+KQ5KA9I1vk5U4YHe/X2Ch7PYnJfWuWT+VbuxbGwljhw=="
  "resolved" "https://registry.npmjs.org/utrie/-/utrie-1.0.2.tgz"
  "version" "1.0.2"
  dependencies:
    "base64-arraybuffer" "^1.0.2"

"vite@^4.4.0":
  "integrity" "sha512-8mmwPlsy7t+ZcTme7vdbVGuZ3Tri+lrLXr6hsF5UHdyYyARPPPMtM16QlqC9TZuCd5j3NmWs1rwka3cVSRHZTw=="
  "resolved" "https://registry.npmjs.org/vite/-/vite-4.4.1.tgz"
  "version" "4.4.1"
  dependencies:
    "esbuild" "^0.18.10"
    "postcss" "^8.4.24"
    "rollup" "^3.25.2"
  optionalDependencies:
    "fsevents" "~2.3.2"
